
Microsoft Visual Studio Solution File, Format Version 12.00
# Visual Studio 15
Project("{FAE04EC0-301F-11D3-BF4B-00C04F79EFBC}") = "Assembly-CSharp", "Assembly-CSharp.csproj", "{E6AB3FC5-602C-7F82-E19F-A8D5DB0C9001}"
EndProject
Project("{FAE04EC0-301F-11D3-BF4B-00C04F79EFBC}") = "SteamVR", "SteamVR.csproj", "{DC20F6DE-7D16-6438-6817-B8CEDC453C6C}"
EndProject
Project("{FAE04EC0-301F-11D3-BF4B-00C04F79EFBC}") = "SteamVR_Actions", "SteamVR_Actions.csproj", "{11242265-F612-D1D0-5D6C-4F0F20DD616E}"
EndProject
Project("{FAE04EC0-301F-11D3-BF4B-00C04F79EFBC}") = "SteamVR_Editor", "SteamVR_Editor.csproj", "{1D68E847-0324-ABDF-2B37-6AE01CCAEBA6}"
EndProject
Project("{FAE04EC0-301F-11D3-BF4B-00C04F79EFBC}") = "Assembly-CSharp-Editor", "Assembly-CSharp-Editor.csproj", "{1F9E67A4-EAD8-CDCB-9906-DC5E048B1BBC}"
EndProject
Project("{FAE04EC0-301F-11D3-BF4B-00C04F79EFBC}") = "SteamVR_Input_Editor", "SteamVR_Input_Editor.csproj", "{ADC4CB54-7380-BBD1-43E7-BC720F85942D}"
EndProject
Project("{FAE04EC0-301F-11D3-BF4B-00C04F79EFBC}") = "SteamVR_Windows_EditorHelper", "SteamVR_Windows_EditorHelper.csproj", "{F2787EE7-8C34-A12D-2967-BD927868B36E}"
EndProject
Global
	GlobalSection(SolutionConfigurationPlatforms) = preSolution
		Debug|Any CPU = Debug|Any CPU
		Release|Any CPU = Release|Any CPU
	EndGlobalSection
	GlobalSection(ProjectConfigurationPlatforms) = postSolution
		{E6AB3FC5-602C-7F82-E19F-A8D5DB0C9001}.Debug|Any CPU.ActiveCfg = Debug|Any CPU
		{E6AB3FC5-602C-7F82-E19F-A8D5DB0C9001}.Debug|Any CPU.Build.0 = Debug|Any CPU
		{E6AB3FC5-602C-7F82-E19F-A8D5DB0C9001}.Release|Any CPU.ActiveCfg = Release|Any CPU
		{E6AB3FC5-602C-7F82-E19F-A8D5DB0C9001}.Release|Any CPU.Build.0 = Release|Any CPU
		{DC20F6DE-7D16-6438-6817-B8CEDC453C6C}.Debug|Any CPU.ActiveCfg = Debug|Any CPU
		{DC20F6DE-7D16-6438-6817-B8CEDC453C6C}.Debug|Any CPU.Build.0 = Debug|Any CPU
		{DC20F6DE-7D16-6438-6817-B8CEDC453C6C}.Release|Any CPU.ActiveCfg = Release|Any CPU
		{DC20F6DE-7D16-6438-6817-B8CEDC453C6C}.Release|Any CPU.Build.0 = Release|Any CPU
		{11242265-F612-D1D0-5D6C-4F0F20DD616E}.Debug|Any CPU.ActiveCfg = Debug|Any CPU
		{11242265-F612-D1D0-5D6C-4F0F20DD616E}.Debug|Any CPU.Build.0 = Debug|Any CPU
		{11242265-F612-D1D0-5D6C-4F0F20DD616E}.Release|Any CPU.ActiveCfg = Release|Any CPU
		{11242265-F612-D1D0-5D6C-4F0F20DD616E}.Release|Any CPU.Build.0 = Release|Any CPU
		{1D68E847-0324-ABDF-2B37-6AE01CCAEBA6}.Debug|Any CPU.ActiveCfg = Debug|Any CPU
		{1D68E847-0324-ABDF-2B37-6AE01CCAEBA6}.Debug|Any CPU.Build.0 = Debug|Any CPU
		{1D68E847-0324-ABDF-2B37-6AE01CCAEBA6}.Release|Any CPU.ActiveCfg = Release|Any CPU
		{1D68E847-0324-ABDF-2B37-6AE01CCAEBA6}.Release|Any CPU.Build.0 = Release|Any CPU
		{1F9E67A4-EAD8-CDCB-9906-DC5E048B1BBC}.Debug|Any CPU.ActiveCfg = Debug|Any CPU
		{1F9E67A4-EAD8-CDCB-9906-DC5E048B1BBC}.Debug|Any CPU.Build.0 = Debug|Any CPU
		{1F9E67A4-EAD8-CDCB-9906-DC5E048B1BBC}.Release|Any CPU.ActiveCfg = Release|Any CPU
		{1F9E67A4-EAD8-CDCB-9906-DC5E048B1BBC}.Release|Any CPU.Build.0 = Release|Any CPU
		{ADC4CB54-7380-BBD1-43E7-BC720F85942D}.Debug|Any CPU.ActiveCfg = Debug|Any CPU
		{ADC4CB54-7380-BBD1-43E7-BC720F85942D}.Debug|Any CPU.Build.0 = Debug|Any CPU
		{ADC4CB54-7380-BBD1-43E7-BC720F85942D}.Release|Any CPU.ActiveCfg = Release|Any CPU
		{ADC4CB54-7380-BBD1-43E7-BC720F85942D}.Release|Any CPU.Build.0 = Release|Any CPU
		{F2787EE7-8C34-A12D-2967-BD927868B36E}.Debug|Any CPU.ActiveCfg = Debug|Any CPU
		{F2787EE7-8C34-A12D-2967-BD927868B36E}.Debug|Any CPU.Build.0 = Debug|Any CPU
		{F2787EE7-8C34-A12D-2967-BD927868B36E}.Release|Any CPU.ActiveCfg = Release|Any CPU
		{F2787EE7-8C34-A12D-2967-BD927868B36E}.Release|Any CPU.Build.0 = Release|Any CPU
	EndGlobalSection
	GlobalSection(SolutionProperties) = preSolution
		HideSolutionNode = FALSE
	EndGlobalSection
EndGlobal
